
Microsoft Visual Studio Solution File, Format Version 12.00
# Visual Studio Version 17
VisualStudioVersion = 17.8.34511.84
MinimumVisualStudioVersion = 10.0.40219.1
Project("{FAE04EC0-301F-11D3-BF4B-00C04F79EFBC}") = "CSharp基础实践", "CSharp基础实践\CSharp基础实践.csproj", "{9861AFDB-91A4-4438-B060-FBDF0067A85B}"
EndProject
Global
	GlobalSection(SolutionConfigurationPlatforms) = preSolution
		Debug|Any CPU = Debug|Any CPU
		Release|Any CPU = Release|Any CPU
	EndGlobalSection
	GlobalSection(ProjectConfigurationPlatforms) = postSolution
		{9861AFDB-91A4-4438-B060-FBDF0067A85B}.Debug|Any CPU.ActiveCfg = Debug|Any CPU
		{9861AFDB-91A4-4438-B060-FBDF0067A85B}.Debug|Any CPU.Build.0 = Debug|Any CPU
		{9861AFDB-91A4-4438-B060-FBDF0067A85B}.Release|Any CPU.ActiveCfg = Release|Any CPU
		{9861AFDB-91A4-4438-B060-FBDF0067A85B}.Release|Any CPU.Build.0 = Release|Any CPU
	EndGlobalSection
	GlobalSection(SolutionProperties) = preSolution
		HideSolutionNode = FALSE
	EndGlobalSection
	GlobalSection(ExtensibilityGlobals) = postSolution
		SolutionGuid = {97DFB6F8-A6A1-49CA-90D8-BBFF08129BA5}
	EndGlobalSection
EndGlobal
